github.com/MagicTheGathering/mtg-sdk-go v0.0.0-20190109105601-3aaea97721aa h1:OJtPSYA2qr4d+51NY3mR+cmpSvQoWSnTDjU0OkOtjg0=
github.com/MagicTheGathering/mtg-sdk-go v0.0.0-20190109105601-3aaea97721aa/go.mod h1:N2gc+5YwVfphpjWbjtIfh8/XKQowEXSMNefQeyyQ/lk=
github.com/gorilla/mux v1.7.3 h1:gnP5JzjVOuiZD07fKKToCAOjS0yOpj/qPETTXCCS6hw=
github.com/gorilla/mux v1.7.3/go.mod h1:1lud6UwP+6orDFRuTfBEV8e9/aOM/c4fVVCaMa2zaAs=
github.com/lib/pq v1.2.0 h1:LXpIM/LZ5xGFhOpXAQUIMM1HdyqzVYM13zNdjCEEcA0=
github.com/lib/pq v1.2.0/go.mod h1:5WUZQaWbwv1U+lTReE5YruASi9Al49XbQIvNi/34Woo=
github.com/subosito/gotenv v1.2.0 h1:Slr1R9HxAlEKefgq5jn9U+DnETlIUa6HfgEzj0g5d7s=
github.com/subosito/gotenv v1.2.0/go.mod h1:N0PQaV/YGNqwC0u51sEeR/aUtSLEXKX9iv69rRypqCw=
